// !$*UTF8*$!
{
	archiveVersion = 1;
	classes = {
	};
	objectVersion = 77;
	objects = {

/* Begin PBXContainerItemProxy section */
		112E6C362DD18C6800E5C347 /* PBXContainerItemProxy */ = {
			isa = PBXContainerItemProxy;
			containerPortal = 112E6C1B2DD18C6600E5C347 /* Project object */;
			proxyType = 1;
			remoteGlobalIDString = 112E6C222DD18C6600E5C347;
			remoteInfo = SecKeyManage;
		};
		112E6C402DD18C6800E5C347 /* PBXContainerItemProxy */ = {
			isa = PBXContainerItemProxy;
			containerPortal = 112E6C1B2DD18C6600E5C347 /* Project object */;
			proxyType = 1;
			remoteGlobalIDString = 112E6C222DD18C6600E5C347;
			remoteInfo = SecKeyManage;
		};
/* End PBXContainerItemProxy section */

/* Begin PBXFileReference section */
		112E6C232DD18C6600E5C347 /* SecKeyManage.app */ = {isa = PBXFileReference; explicitFileType = wrapper.application; includeInIndex = 0; path = SecKeyManage.app; sourceTree = BUILT_PRODUCTS_DIR; };
		112E6C352DD18C6800E5C347 /* SecKeyManageTests.xctest */ = {isa = PBXFileReference; explicitFileType = wrapper.cfbundle; includeInIndex = 0; path = SecKeyManageTests.xctest; sourceTree = BUILT_PRODUCTS_DIR; };
		112E6C3F2DD18C6800E5C347 /* SecKeyManageUITests.xctest */ = {isa = PBXFileReference; explicitFileType = wrapper.cfbundle; includeInIndex = 0; path = SecKeyManageUITests.xctest; sourceTree = BUILT_PRODUCTS_DIR; };
/* End PBXFileReference section */

/* Begin PBXFileSystemSynchronizedRootGroup section */
		112E6C252DD18C6600E5C347 /* SecKeyManage */ = {
			isa = PBXFileSystemSynchronizedRootGroup;
			path = SecKeyManage;
			sourceTree = "<group>";
		};
		112E6C382DD18C6800E5C347 /* SecKeyManageTests */ = {
			isa = PBXFileSystemSynchronizedRootGroup;
			path = SecKeyManageTests;
			sourceTree = "<group>";
		};
		112E6C422DD18C6800E5C347 /* SecKeyManageUITests */ = {
			isa = PBXFileSystemSynchronizedRootGroup;
			path = SecKeyManageUITests;
			sourceTree = "<group>";
		};
/* End PBXFileSystemSynchronizedRootGroup section */

/* Begin PBXFrameworksBuildPhase section */
		112E6C202DD18C6600E5C347 /* Frameworks */ = {
			isa = PBXFrameworksBuildPhase;
			buildActionMask = 2147483647;
			files = (
			);
			runOnlyForDeploymentPostprocessing = 0;
		};
		112E6C322DD18C6800E5C347 /* Frameworks */ = {
			isa = PBXFrameworksBuildPhase;
			buildActionMask = 2147483647;
			files = (
			);
			runOnlyForDeploymentPostprocessing = 0;
		};
		112E6C3C2DD18C6800E5C347 /* Frameworks */ = {
			isa = PBXFrameworksBuildPhase;
			buildActionMask = 2147483647;
			files = (
			);
			runOnlyForDeploymentPostprocessing = 0;
		};
/* End PBXFrameworksBuildPhase section */

/* Begin PBXGroup section */
		112E6C1A2DD18C6600E5C347 = {
			isa = PBXGroup;
			children = (
				112E6C252DD18C6600E5C347 /* SecKeyManage */,
				112E6C382DD18C6800E5C347 /* SecKeyManageTests */,
				112E6C422DD18C6800E5C347 /* SecKeyManageUITests */,
				112E6C242DD18C6600E5C347 /* Products */,
			);
			sourceTree = "<group>";
		};
		112E6C242DD18C6600E5C347 /* Products */ = {
			isa = PBXGroup;
			children = (
				112E6C232DD18C6600E5C347 /* SecKeyManage.app */,
				112E6C352DD18C6800E5C347 /* SecKeyManageTests.xctest */,
				112E6C3F2DD18C6800E5C347 /* SecKeyManageUITests.xctest */,
			);
			name = Products;
			sourceTree = "<group>";
		};
/* End PBXGroup section */

/* Begin PBXNativeTarget section */
		112E6C222DD18C6600E5C347 /* SecKeyManage */ = {
			isa = PBXNativeTarget;
			buildConfigurationList = 112E6C492DD18C6800E5C347 /* Build configuration list for PBXNativeTarget "SecKeyManage" */;
			buildPhases = (
				112E6C1F2DD18C6600E5C347 /* Sources */,
				112E6C202DD18C6600E5C347 /* Frameworks */,
				112E6C212DD18C6600E5C347 /* Resources */,
			);
			buildRules = (
			);
			dependencies = (
			);
			fileSystemSynchronizedGroups = (
				112E6C252DD18C6600E5C347 /* SecKeyManage */,
			);
			name = SecKeyManage;
			packageProductDependencies = (
			);
			productName = SecKeyManage;
			productReference = 112E6C232DD18C6600E5C347 /* SecKeyManage.app */;
			productType = "com.apple.product-type.application";
		};
		112E6C342DD18C6800E5C347 /* SecKeyManageTests */ = {
			isa = PBXNativeTarget;
			buildConfigurationList = 112E6C4C2DD18C6800E5C347 /* Build configuration list for PBXNativeTarget "SecKeyManageTests" */;
			buildPhases = (
				112E6C312DD18C6800E5C347 /* Sources */,
				112E6C322DD18C6800E5C347 /* Frameworks */,
				112E6C332DD18C6800E5C347 /* Resources */,
			);
			buildRules = (
			);
			dependencies = (
				112E6C372DD18C6800E5C347 /* PBXTargetDependency */,
			);
			fileSystemSynchronizedGroups = (
				112E6C382DD18C6800E5C347 /* SecKeyManageTests */,
			);
			name = SecKeyManageTests;
			packageProductDependencies = (
			);
			productName = SecKeyManageTests;
			productReference = 112E6C352DD18C6800E5C347 /* SecKeyManageTests.xctest */;
			productType = "com.apple.product-type.bundle.unit-test";
		};
		112E6C3E2DD18C6800E5C347 /* SecKeyManageUITests */ = {
			isa = PBXNativeTarget;
			buildConfigurationList = 112E6C4F2DD18C6800E5C347 /* Build configuration list for PBXNativeTarget "SecKeyManageUITests" */;
			buildPhases = (
				112E6C3B2DD18C6800E5C347 /* Sources */,
				112E6C3C2DD18C6800E5C347 /* Frameworks */,
				112E6C3D2DD18C6800E5C347 /* Resources */,
			);
			buildRules = (
			);
			dependencies = (
				112E6C412DD18C6800E5C347 /* PBXTargetDependency */,
			);
			fileSystemSynchronizedGroups = (
				112E6C422DD18C6800E5C347 /* SecKeyManageUITests */,
			);
			name = SecKeyManageUITests;
			packageProductDependencies = (
			);
			productName = SecKeyManageUITests;
			productReference = 112E6C3F2DD18C6800E5C347 /* SecKeyManageUITests.xctest */;
			productType = "com.apple.product-type.bundle.ui-testing";
		};
/* End PBXNativeTarget section */

/* Begin PBXProject section */
		112E6C1B2DD18C6600E5C347 /* Project object */ = {
			isa = PBXProject;
			attributes = {
				BuildIndependentTargetsInParallel = 1;
				LastSwiftUpdateCheck = 1630;
				LastUpgradeCheck = 1630;
				TargetAttributes = {
					112E6C222DD18C6600E5C347 = {
						CreatedOnToolsVersion = 16.3;
					};
					112E6C342DD18C6800E5C347 = {
						CreatedOnToolsVersion = 16.3;
						TestTargetID = 112E6C222DD18C6600E5C347;
					};
					112E6C3E2DD18C6800E5C347 = {
						CreatedOnToolsVersion = 16.3;
						TestTargetID = 112E6C222DD18C6600E5C347;
					};
				};
			};
			buildConfigurationList = 112E6C1E2DD18C6600E5C347 /* Build configuration list for PBXProject "SecKeyManage" */;
			developmentRegion = en;
			hasScannedForEncodings = 0;
			knownRegions = (
				en,
				Base,
			);
			mainGroup = 112E6C1A2DD18C6600E5C347;
			minimizedProjectReferenceProxies = 1;
			preferredProjectObjectVersion = 77;
			productRefGroup = 112E6C242DD18C6600E5C347 /* Products */;
			projectDirPath = "";
			projectRoot = "";
			targets = (
				112E6C222DD18C6600E5C347 /* SecKeyManage */,
				112E6C342DD18C6800E5C347 /* SecKeyManageTests */,
				112E6C3E2DD18C6800E5C347 /* SecKeyManageUITests */,
			);
		};
/* End PBXProject section */

/* Begin PBXResourcesBuildPhase section */
		112E6C212DD18C6600E5C347 /* Resources */ = {
			isa = PBXResourcesBuildPhase;
			buildActionMask = 2147483647;
			files = (
			);
			runOnlyForDeploymentPostprocessing = 0;
		};
		112E6C332DD18C6800E5C347 /* Resources */ = {
			isa = PBXResourcesBuildPhase;
			buildActionMask = 2147483647;
			files = (
			);
			runOnlyForDeploymentPostprocessing = 0;
		};
		112E6C3D2DD18C6800E5C347 /* Resources */ = {
			isa = PBXResourcesBuildPhase;
			buildActionMask = 2147483647;
			files = (
			);
			runOnlyForDeploymentPostprocessing = 0;
		};
/* End PBXResourcesBuildPhase section */

/* Begin PBXSourcesBuildPhase section */
		112E6C1F2DD18C6600E5C347 /* Sources */ = {
			isa = PBXSourcesBuildPhase;
			buildActionMask = 2147483647;
			files = (
			);
			runOnlyForDeploymentPostprocessing = 0;
		};
		112E6C312DD18C6800E5C347 /* Sources */ = {
			isa = PBXSourcesBuildPhase;
			buildActionMask = 2147483647;
			files = (
			);
			runOnlyForDeploymentPostprocessing = 0;
		};
		112E6C3B2DD18C6800E5C347 /* Sources */ = {
			isa = PBXSourcesBuildPhase;
			buildActionMask = 2147483647;
			files = (
			);
			runOnlyForDeploymentPostprocessing = 0;
		};
/* End PBXSourcesBuildPhase section */

/* Begin PBXTargetDependency section */
		112E6C372DD18C6800E5C347 /* PBXTargetDependency */ = {
			isa = PBXTargetDependency;
			target = 112E6C222DD18C6600E5C347 /* SecKeyManage */;
			targetProxy = 112E6C362DD18C6800E5C347 /* PBXContainerItemProxy */;
		};
		112E6C412DD18C6800E5C347 /* PBXTargetDependency */ = {
			isa = PBXTargetDependency;
			target = 112E6C222DD18C6600E5C347 /* SecKeyManage */;
			targetProxy = 112E6C402DD18C6800E5C347 /* PBXContainerItemProxy */;
		};
/* End PBXTargetDependency section */

/* Begin XCBuildConfiguration section */
		112E6C472DD18C6800E5C347 /* Debug */ = {
			isa = XCBuildConfiguration;
			buildSettings = {
				ALWAYS_SEARCH_USER_PATHS = NO;
				ASSETCATALOG_COMPILER_GENERATE_SWIFT_ASSET_SYMBOL_EXTENSIONS = YES;
				CLANG_ANALYZER_NONNULL = YES;
				CLANG_ANALYZER_NUMBER_OBJECT_CONVERSION = YES_AGGRESSIVE;
				CLANG_CXX_LANGUAGE_STANDARD = "gnu++20";
				CLANG_ENABLE_MODULES = YES;
				CLANG_ENABLE_OBJC_ARC = YES;
				CLANG_ENABLE_OBJC_WEAK = YES;
				CLANG_WARN_BLOCK_CAPTURE_AUTORELEASING = YES;
				CLANG_WARN_BOOL_CONVERSION = YES;
				CLANG_WARN_COMMA = YES;
				CLANG_WARN_CONSTANT_CONVERSION = YES;
				CLANG_WARN_DEPRECATED_OBJC_IMPLEMENTATIONS = YES;
				CLANG_WARN_DIRECT_OBJC_ISA_USAGE = YES_ERROR;
				CLANG_WARN_DOCUMENTATION_COMMENTS = YES;
				CLANG_WARN_EMPTY_BODY = YES;
				CLANG_WARN_ENUM_CONVERSION = YES;
				CLANG_WARN_INFINITE_RECURSION = YES;
				CLANG_WARN_INT_CONVERSION = YES;
				CLANG_WARN_NON_LITERAL_NULL_CONVERSION = YES;
				CLANG_WARN_OBJC_IMPLICIT_RETAIN_SELF = YES;
				CLANG_WARN_OBJC_LITERAL_CONVERSION = YES;
				CLANG_WARN_OBJC_ROOT_CLASS = YES_ERROR;
				CLANG_WARN_QUOTED_INCLUDE_IN_FRAMEWORK_HEADER = YES;
				CLANG_WARN_RANGE_LOOP_ANALYSIS = YES;
				CLANG_WARN_STRICT_PROTOTYPES = YES;
				CLANG_WARN_SUSPICIOUS_MOVE = YES;
				CLANG_WARN_UNGUARDED_AVAILABILITY = YES_AGGRESSIVE;
				CLANG_WARN_UNREACHABLE_CODE = YES;
				CLANG_WARN__DUPLICATE_METHOD_MATCH = YES;
				COPY_PHASE_STRIP = NO;
				DEBUG_INFORMATION_FORMAT = dwarf;
				DEVELOPMENT_TEAM = HYR5745ABC;
				ENABLE_STRICT_OBJC_MSGSEND = YES;
				ENABLE_TESTABILITY = YES;
				ENABLE_USER_SCRIPT_SANDBOXING = YES;
				GCC_C_LANGUAGE_STANDARD = gnu17;
				GCC_DYNAMIC_NO_PIC = NO;
				GCC_NO_COMMON_BLOCKS = YES;
				GCC_OPTIMIZATION_LEVEL = 0;
				GCC_PREPROCESSOR_DEFINITIONS = (
					"DEBUG=1",
					"$(inherited)",
				);
				GCC_WARN_64_TO_32_BIT_CONVERSION = YES;
				GCC_WARN_ABOUT_RETURN_TYPE = YES_ERROR;
				GCC_WARN_UNDECLARED_SELECTOR = YES;
				GCC_WARN_UNINITIALIZED_AUTOS = YES_AGGRESSIVE;
				GCC_WARN_UNUSED_FUNCTION = YES;
				GCC_WARN_UNUSED_VARIABLE = YES;
				IPHONEOS_DEPLOYMENT_TARGET = 18.4;
				LOCALIZATION_PREFERS_STRING_CATALOGS = YES;
				MTL_ENABLE_DEBUG_INFO = INCLUDE_SOURCE;
				MTL_FAST_MATH = YES;
				ONLY_ACTIVE_ARCH = YES;
				SDKROOT = iphoneos;
				SWIFT_ACTIVE_COMPILATION_CONDITIONS = "DEBUG $(inherited)";
				SWIFT_OPTIMIZATION_LEVEL = "-Onone";
			};
			name = Debug;
		};
		112E6C482DD18C6800E5C347 /* Release */ = {
			isa = XCBuildConfiguration;
			buildSettings = {
				ALWAYS_SEARCH_USER_PATHS = NO;
				ASSETCATALOG_COMPILER_GENERATE_SWIFT_ASSET_SYMBOL_EXTENSIONS = YES;
				CLANG_ANALYZER_NONNULL = YES;
				CLANG_ANALYZER_NUMBER_OBJECT_CONVERSION = YES_AGGRESSIVE;
				CLANG_CXX_LANGUAGE_STANDARD = "gnu++20";
				CLANG_ENABLE_MODULES = YES;
				CLANG_ENABLE_OBJC_ARC = YES;
				CLANG_ENABLE_OBJC_WEAK = YES;
				CLANG_WARN_BLOCK_CAPTURE_AUTORELEASING = YES;
				CLANG_WARN_BOOL_CONVERSION = YES;
				CLANG_WARN_COMMA = YES;
				CLANG_WARN_CONSTANT_CONVERSION = YES;
				CLANG_WARN_DEPRECATED_OBJC_IMPLEMENTATIONS = YES;
				CLANG_WARN_DIRECT_OBJC_ISA_USAGE = YES_ERROR;
				CLANG_WARN_DOCUMENTATION_COMMENTS = YES;
				CLANG_WARN_EMPTY_BODY = YES;
				CLANG_WARN_ENUM_CONVERSION = YES;
				CLANG_WARN_INFINITE_RECURSION = YES;
				CLANG_WARN_INT_CONVERSION = YES;
				CLANG_WARN_NON_LITERAL_NULL_CONVERSION = YES;
				CLANG_WARN_OBJC_IMPLICIT_RETAIN_SELF = YES;
				CLANG_WARN_OBJC_LITERAL_CONVERSION = YES;
				CLANG_WARN_OBJC_ROOT_CLASS = YES_ERROR;
				CLANG_WARN_QUOTED_INCLUDE_IN_FRAMEWORK_HEADER = YES;
				CLANG_WARN_RANGE_LOOP_ANALYSIS = YES;
				CLANG_WARN_STRICT_PROTOTYPES = YES;
				CLANG_WARN_SUSPICIOUS_MOVE = YES;
				CLANG_WARN_UNGUARDED_AVAILABILITY = YES_AGGRESSIVE;
				CLANG_WARN_UNREACHABLE_CODE = YES;
				CLANG_WARN__DUPLICATE_METHOD_MATCH = YES;
				COPY_PHASE_STRIP = NO;
				DEBUG_INFORMATION_FORMAT = "dwarf-with-dsym";
				DEVELOPMENT_TEAM = HYR5745ABC;
				ENABLE_NS_ASSERTIONS = NO;
				ENABLE_STRICT_OBJC_MSGSEND = YES;
				ENABLE_USER_SCRIPT_SANDBOXING = YES;
				GCC_C_LANGUAGE_STANDARD = gnu17;
				GCC_NO_COMMON_BLOCKS = YES;
				GCC_WARN_64_TO_32_BIT_CONVERSION = YES;
				GCC_WARN_ABOUT_RETURN_TYPE = YES_ERROR;
				GCC_WARN_UNDECLARED_SELECTOR = YES;
				GCC_WARN_UNINITIALIZED_AUTOS = YES_AGGRESSIVE;
				GCC_WARN_UNUSED_FUNCTION = YES;
				GCC_WARN_UNUSED_VARIABLE = YES;
				IPHONEOS_DEPLOYMENT_TARGET = 18.4;
				LOCALIZATION_PREFERS_STRING_CATALOGS = YES;
				MTL_ENABLE_DEBUG_INFO = NO;
				MTL_FAST_MATH = YES;
				SDKROOT = iphoneos;
				SWIFT_COMPILATION_MODE = wholemodule;
				VALIDATE_PRODUCT = YES;
			};
			name = Release;
		};
		112E6C4A2DD18C6800E5C347 /* Debug */ = {
			isa = XCBuildConfiguration;
			buildSettings = {
				ASSETCATALOG_COMPILER_APPICON_NAME = AppIcon;
				ASSETCATALOG_COMPILER_GLOBAL_ACCENT_COLOR_NAME = AccentColor;
				CODE_SIGN_STYLE = Automatic;
				CURRENT_PROJECT_VERSION = 1;
				DEVELOPMENT_TEAM = HYR5745ABC;
				ENABLE_PREVIEWS = YES;
				GENERATE_INFOPLIST_FILE = YES;
				INFOPLIST_KEY_UIApplicationSceneManifest_Generation = YES;
				INFOPLIST_KEY_UIApplicationSupportsIndirectInputEvents = YES;
				INFOPLIST_KEY_UILaunchScreen_Generation = YES;
				INFOPLIST_KEY_UISupportedInterfaceOrientations_iPad = "UIInterfaceOrientationPortrait UIInterfaceOrientationPortraitUpsideDown UIInterfaceOrientationLandscapeLeft UIInterfaceOrientationLandscapeRight";
				INFOPLIST_KEY_UISupportedInterfaceOrientations_iPhone = "UIInterfaceOrientationPortrait UIInterfaceOrientationLandscapeLeft UIInterfaceOrientationLandscapeRight";
				LD_RUNPATH_SEARCH_PATHS = (
					"$(inherited)",
					"@executable_path/Frameworks",
				);
				MARKETING_VERSION = 1.0;
				PRODUCT_BUNDLE_IDENTIFIER = com.seckeyman.SecKeyManage;
				PRODUCT_NAME = "$(TARGET_NAME)";
				SWIFT_EMIT_LOC_STRINGS = YES;
				SWIFT_OBJC_BRIDGING_HEADER = SecKeyManage/BridgeHeader.h;
				SWIFT_VERSION = 5.0;
				TARGETED_DEVICE_FAMILY = "1,2";
			};
			name = Debug;
		};
		112E6C4B2DD18C6800E5C347 /* Release */ = {
			isa = XCBuildConfiguration;
			buildSettings = {
				ASSETCATALOG_COMPILER_APPICON_NAME = AppIcon;
				ASSETCATALOG_COMPILER_GLOBAL_ACCENT_COLOR_NAME = AccentColor;
				CODE_SIGN_STYLE = Automatic;
				CURRENT_PROJECT_VERSION = 1;
				DEVELOPMENT_TEAM = HYR5745ABC;
				ENABLE_PREVIEWS = YES;
				GENERATE_INFOPLIST_FILE = YES;
				INFOPLIST_KEY_UIApplicationSceneManifest_Generation = YES;
				INFOPLIST_KEY_UIApplicationSupportsIndirectInputEvents = YES;
				INFOPLIST_KEY_UILaunchScreen_Generation = YES;
				INFOPLIST_KEY_UISupportedInterfaceOrientations_iPad = "UIInterfaceOrientationPortrait UIInterfaceOrientationPortraitUpsideDown UIInterfaceOrientationLandscapeLeft UIInterfaceOrientationLandscapeRight";
				INFOPLIST_KEY_UISupportedInterfaceOrientations_iPhone = "UIInterfaceOrientationPortrait UIInterfaceOrientationLandscapeLeft UIInterfaceOrientationLandscapeRight";
				LD_RUNPATH_SEARCH_PATHS = (
					"$(inherited)",
					"@executable_path/Frameworks",
				);
				MARKETING_VERSION = 1.0;
				PRODUCT_BUNDLE_IDENTIFIER = com.seckeyman.SecKeyManage;
				PRODUCT_NAME = "$(TARGET_NAME)";
				SWIFT_EMIT_LOC_STRINGS = YES;
				SWIFT_OBJC_BRIDGING_HEADER = SecKeyManage/BridgeHeader.h;
				SWIFT_VERSION = 5.0;
				TARGETED_DEVICE_FAMILY = "1,2";
			};
			name = Release;
		};
		112E6C4D2DD18C6800E5C347 /* Debug */ = {
			isa = XCBuildConfiguration;
			buildSettings = {
				BUNDLE_LOADER = "$(TEST_HOST)";
				CODE_SIGN_STYLE = Automatic;
				CURRENT_PROJECT_VERSION = 1;
				DEVELOPMENT_TEAM = HYR5745ABC;
				GENERATE_INFOPLIST_FILE = YES;
				IPHONEOS_DEPLOYMENT_TARGET = 18.4;
				MARKETING_VERSION = 1.0;
				PRODUCT_BUNDLE_IDENTIFIER = com.seckeyman.SecKeyManageTests;
				PRODUCT_NAME = "$(TARGET_NAME)";
				SWIFT_EMIT_LOC_STRINGS = NO;
				SWIFT_VERSION = 5.0;
				TARGETED_DEVICE_FAMILY = "1,2";
				TEST_HOST = "$(BUILT_PRODUCTS_DIR)/SecKeyManage.app/$(BUNDLE_EXECUTABLE_FOLDER_PATH)/SecKeyManage";
			};
			name = Debug;
		};
		112E6C4E2DD18C6800E5C347 /* Release */ = {
			isa = XCBuildConfiguration;
			buildSettings = {
				BUNDLE_LOADER = "$(TEST_HOST)";
				CODE_SIGN_STYLE = Automatic;
				CURRENT_PROJECT_VERSION = 1;
				DEVELOPMENT_TEAM = HYR5745ABC;
				GENERATE_INFOPLIST_FILE = YES;
				IPHONEOS_DEPLOYMENT_TARGET = 18.4;
				MARKETING_VERSION = 1.0;
				PRODUCT_BUNDLE_IDENTIFIER = com.seckeyman.SecKeyManageTests;
				PRODUCT_NAME = "$(TARGET_NAME)";
				SWIFT_EMIT_LOC_STRINGS = NO;
				SWIFT_VERSION = 5.0;
				TARGETED_DEVICE_FAMILY = "1,2";
				TEST_HOST = "$(BUILT_PRODUCTS_DIR)/SecKeyManage.app/$(BUNDLE_EXECUTABLE_FOLDER_PATH)/SecKeyManage";
			};
			name = Release;
		};
		112E6C502DD18C6800E5C347 /* Debug */ = {
			isa = XCBuildConfiguration;
			buildSettings = {
				CODE_SIGN_STYLE = Automatic;
				CURRENT_PROJECT_VERSION = 1;
				DEVELOPMENT_TEAM = HYR5745ABC;
				GENERATE_INFOPLIST_FILE = YES;
				MARKETING_VERSION = 1.0;
				PRODUCT_BUNDLE_IDENTIFIER = com.seckeyman.SecKeyManageUITests;
				PRODUCT_NAME = "$(TARGET_NAME)";
				SWIFT_EMIT_LOC_STRINGS = NO;
				SWIFT_VERSION = 5.0;
				TARGETED_DEVICE_FAMILY = "1,2";
				TEST_TARGET_NAME = SecKeyManage;
			};
			name = Debug;
		};
		112E6C512DD18C6800E5C347 /* Release */ = {
			isa = XCBuildConfiguration;
			buildSettings = {
				CODE_SIGN_STYLE = Automatic;
				CURRENT_PROJECT_VERSION = 1;
				DEVELOPMENT_TEAM = HYR5745ABC;
				GENERATE_INFOPLIST_FILE = YES;
				MARKETING_VERSION = 1.0;
				PRODUCT_BUNDLE_IDENTIFIER = com.seckeyman.SecKeyManageUITests;
				PRODUCT_NAME = "$(TARGET_NAME)";
				SWIFT_EMIT_LOC_STRINGS = NO;
				SWIFT_VERSION = 5.0;
				TARGETED_DEVICE_FAMILY = "1,2";
				TEST_TARGET_NAME = SecKeyManage;
			};
			name = Release;
		};
/* End XCBuildConfiguration section */

/* Begin XCConfigurationList section */
		112E6C1E2DD18C6600E5C347 /* Build configuration list for PBXProject "SecKeyManage" */ = {
			isa = XCConfigurationList;
			buildConfigurations = (
				112E6C472DD18C6800E5C347 /* Debug */,
				112E6C482DD18C6800E5C347 /* Release */,
			);
			defaultConfigurationIsVisible = 0;
			defaultConfigurationName = Release;
		};
		112E6C492DD18C6800E5C347 /* Build configuration list for PBXNativeTarget "SecKeyManage" */ = {
			isa = XCConfigurationList;
			buildConfigurations = (
				112E6C4A2DD18C6800E5C347 /* Debug */,
				112E6C4B2DD18C6800E5C347 /* Release */,
			);
			defaultConfigurationIsVisible = 0;
			defaultConfigurationName = Release;
		};
		112E6C4C2DD18C6800E5C347 /* Build configuration list for PBXNativeTarget "SecKeyManageTests" */ = {
			isa = XCConfigurationList;
			buildConfigurations = (
				112E6C4D2DD18C6800E5C347 /* Debug */,
				112E6C4E2DD18C6800E5C347 /* Release */,
			);
			defaultConfigurationIsVisible = 0;
			defaultConfigurationName = Release;
		};
		112E6C4F2DD18C6800E5C347 /* Build configuration list for PBXNativeTarget "SecKeyManageUITests" */ = {
			isa = XCConfigurationList;
			buildConfigurations = (
				112E6C502DD18C6800E5C347 /* Debug */,
				112E6C512DD18C6800E5C347 /* Release */,
			);
			defaultConfigurationIsVisible = 0;
			defaultConfigurationName = Release;
		};
/* End XCConfigurationList section */
	};
	rootObject = 112E6C1B2DD18C6600E5C347 /* Project object */;
}
